
Microsoft Visual Studio Solution File, Format Version 12.00
Project("{2150E333-8FDC-42A3-9474-1A3956D46DE8}") = "2022", "2022", "{F3DBD91B-895E-4523-8AE9-B1DA9037960B}"
EndProject
Project("{FAE04EC0-301F-11D3-BF4B-00C04F79EFBC}") = "Core", "src\Core\Core.csproj", "{900C6C32-4E05-4BC8-80F1-7A0B0BD5BB81}"
EndProject
Project("{2150E333-8FDC-42A3-9474-1A3956D46DE8}") = "2021", "2021", "{645E1FED-F90E-4705-A506-055AD1F4D2F0}"
EndProject
Project("{FAE04EC0-301F-11D3-BF4B-00C04F79EFBC}") = "Y2021.D01", "src\Answers\Y2021.D01\Y2021.D01.csproj", "{98849193-1B39-4D33-86DE-2AD8A6F7B766}"
EndProject
Project("{FAE04EC0-301F-11D3-BF4B-00C04F79EFBC}") = "Y2021.D02", "src\Answers\Y2021.D02\Y2021.D02.csproj", "{6A05C437-C9E8-400C-8FF5-C45915C01FB5}"
EndProject
Project("{FAE04EC0-301F-11D3-BF4B-00C04F79EFBC}") = "Y2022.D01", "src\Answers\Y2022.D01\Y2022.D01.csproj", "{A44A16C8-E601-466A-83BA-8B92A0FEDFA2}"
EndProject
Project("{FAE04EC0-301F-11D3-BF4B-00C04F79EFBC}") = "Y2022.D02", "src\Answers\Y2022.D02\Y2022.D02.csproj", "{6EC0DD72-9FAE-41E2-8776-844399060AEE}"
EndProject
Project("{2150E333-8FDC-42A3-9474-1A3956D46DE8}") = "Utils", "Utils", "{F2A2BD3D-3EE6-4DD5-92C1-5E089EE69C0D}"
EndProject
Project("{2150E333-8FDC-42A3-9474-1A3956D46DE8}") = "Answers", "Answers", "{1FF8F672-0F28-4EFA-B97A-5125690510F3}"
	ProjectSection(SolutionItems) = preProject
		src\Answers\Directory.Build.props = src\Answers\Directory.Build.props
	EndProjectSection
EndProject
Project("{2150E333-8FDC-42A3-9474-1A3956D46DE8}") = "Solution", "Solution", "{BD96A5FD-37CA-4632-A6EA-1422B69952DC}"
	ProjectSection(SolutionItems) = preProject
		Directory.Build.props = Directory.Build.props
	EndProjectSection
EndProject
Project("{FAE04EC0-301F-11D3-BF4B-00C04F79EFBC}") = "Y2021.D03", "src\Answers\Y2021.D03\Y2021.D03.csproj", "{656EECD0-DCDC-4203-ADBA-47B8C58A6CC5}"
EndProject
Project("{FAE04EC0-301F-11D3-BF4B-00C04F79EFBC}") = "Answers.Tests", "tests\Answers.Tests\Answers.Tests.csproj", "{F5BDBEA5-0E62-4A27-AC3B-F2C54B57AC7A}"
EndProject
Global
	GlobalSection(SolutionConfigurationPlatforms) = preSolution
		Debug|Any CPU = Debug|Any CPU
		Release|Any CPU = Release|Any CPU
	EndGlobalSection
	GlobalSection(ProjectConfigurationPlatforms) = postSolution
		{900C6C32-4E05-4BC8-80F1-7A0B0BD5BB81}.Debug|Any CPU.ActiveCfg = Debug|Any CPU
		{900C6C32-4E05-4BC8-80F1-7A0B0BD5BB81}.Debug|Any CPU.Build.0 = Debug|Any CPU
		{900C6C32-4E05-4BC8-80F1-7A0B0BD5BB81}.Release|Any CPU.ActiveCfg = Release|Any CPU
		{900C6C32-4E05-4BC8-80F1-7A0B0BD5BB81}.Release|Any CPU.Build.0 = Release|Any CPU
		{98849193-1B39-4D33-86DE-2AD8A6F7B766}.Debug|Any CPU.ActiveCfg = Debug|Any CPU
		{98849193-1B39-4D33-86DE-2AD8A6F7B766}.Debug|Any CPU.Build.0 = Debug|Any CPU
		{98849193-1B39-4D33-86DE-2AD8A6F7B766}.Release|Any CPU.ActiveCfg = Release|Any CPU
		{98849193-1B39-4D33-86DE-2AD8A6F7B766}.Release|Any CPU.Build.0 = Release|Any CPU
		{6A05C437-C9E8-400C-8FF5-C45915C01FB5}.Debug|Any CPU.ActiveCfg = Debug|Any CPU
		{6A05C437-C9E8-400C-8FF5-C45915C01FB5}.Debug|Any CPU.Build.0 = Debug|Any CPU
		{6A05C437-C9E8-400C-8FF5-C45915C01FB5}.Release|Any CPU.ActiveCfg = Release|Any CPU
		{6A05C437-C9E8-400C-8FF5-C45915C01FB5}.Release|Any CPU.Build.0 = Release|Any CPU
		{A44A16C8-E601-466A-83BA-8B92A0FEDFA2}.Debug|Any CPU.ActiveCfg = Debug|Any CPU
		{A44A16C8-E601-466A-83BA-8B92A0FEDFA2}.Debug|Any CPU.Build.0 = Debug|Any CPU
		{A44A16C8-E601-466A-83BA-8B92A0FEDFA2}.Release|Any CPU.ActiveCfg = Release|Any CPU
		{A44A16C8-E601-466A-83BA-8B92A0FEDFA2}.Release|Any CPU.Build.0 = Release|Any CPU
		{6EC0DD72-9FAE-41E2-8776-844399060AEE}.Debug|Any CPU.ActiveCfg = Debug|Any CPU
		{6EC0DD72-9FAE-41E2-8776-844399060AEE}.Debug|Any CPU.Build.0 = Debug|Any CPU
		{6EC0DD72-9FAE-41E2-8776-844399060AEE}.Release|Any CPU.ActiveCfg = Release|Any CPU
		{6EC0DD72-9FAE-41E2-8776-844399060AEE}.Release|Any CPU.Build.0 = Release|Any CPU
		{656EECD0-DCDC-4203-ADBA-47B8C58A6CC5}.Debug|Any CPU.ActiveCfg = Debug|Any CPU
		{656EECD0-DCDC-4203-ADBA-47B8C58A6CC5}.Debug|Any CPU.Build.0 = Debug|Any CPU
		{656EECD0-DCDC-4203-ADBA-47B8C58A6CC5}.Release|Any CPU.ActiveCfg = Release|Any CPU
		{656EECD0-DCDC-4203-ADBA-47B8C58A6CC5}.Release|Any CPU.Build.0 = Release|Any CPU
		{F5BDBEA5-0E62-4A27-AC3B-F2C54B57AC7A}.Debug|Any CPU.ActiveCfg = Debug|Any CPU
		{F5BDBEA5-0E62-4A27-AC3B-F2C54B57AC7A}.Debug|Any CPU.Build.0 = Debug|Any CPU
		{F5BDBEA5-0E62-4A27-AC3B-F2C54B57AC7A}.Release|Any CPU.ActiveCfg = Release|Any CPU
		{F5BDBEA5-0E62-4A27-AC3B-F2C54B57AC7A}.Release|Any CPU.Build.0 = Release|Any CPU
	EndGlobalSection
	GlobalSection(NestedProjects) = preSolution
		{98849193-1B39-4D33-86DE-2AD8A6F7B766} = {645E1FED-F90E-4705-A506-055AD1F4D2F0}
		{6A05C437-C9E8-400C-8FF5-C45915C01FB5} = {645E1FED-F90E-4705-A506-055AD1F4D2F0}
		{A44A16C8-E601-466A-83BA-8B92A0FEDFA2} = {F3DBD91B-895E-4523-8AE9-B1DA9037960B}
		{6EC0DD72-9FAE-41E2-8776-844399060AEE} = {F3DBD91B-895E-4523-8AE9-B1DA9037960B}
		{900C6C32-4E05-4BC8-80F1-7A0B0BD5BB81} = {F2A2BD3D-3EE6-4DD5-92C1-5E089EE69C0D}
		{1FF8F672-0F28-4EFA-B97A-5125690510F3} = {F2A2BD3D-3EE6-4DD5-92C1-5E089EE69C0D}
		{BD96A5FD-37CA-4632-A6EA-1422B69952DC} = {F2A2BD3D-3EE6-4DD5-92C1-5E089EE69C0D}
		{656EECD0-DCDC-4203-ADBA-47B8C58A6CC5} = {645E1FED-F90E-4705-A506-055AD1F4D2F0}
	EndGlobalSection
EndGlobal
